# This file is autogenerated, do not edit; changes may be undone by the next 'dep ensure'.


[[projects]]
  branch = "master"
  name = "github.com/dnaeon/go-vcr"
  packages = [
    "cassette",
    "recorder"
  ]
  revision = "87d4990451a858cc210399285be976e63bc3c364"

[[projects]]
  name = "github.com/go-resty/resty"
  packages = ["."]
  revision = "00cb083b8cdc8b0fb1e1f5ebe24bbc23e0ff0cf6"
  version = "v1.2"

[[projects]]
  branch = "master"
  name = "golang.org/x/net"
  packages = [
    "idna",
    "publicsuffix"
  ]
  revision = "f5dfe339be1d06f81b22525fe34671ee7d2c8904"

[[projects]]
  branch = "master"
  name = "golang.org/x/text"
  packages = [
    "collate",
    "collate/build",
    "internal/colltab",
    "internal/gen",
    "internal/tag",
    "internal/triegen",
    "internal/ucd",
    "language",
    "secure/bidirule",
    "transform",
    "unicode/bidi",
    "unicode/cldr",
    "unicode/norm",
    "unicode/rangetable"
  ]
  revision = "4e4a3210bb54bb31f6ab2cdca2edcc0b50c420c1"

[[projects]]
  branch = "v2"
  name = "gopkg.in/yaml.v2"
  packages = ["."]
  revision = "d670f9405373e636a5a2765eea47fac0c9bc91a4"

[solve-meta]
  analyzer-name = "dep"
  analyzer-version = 1
  inputs-digest = "22d93eb120e3a6d6d5822881cad8cc10ed9d6b69e03297d1f52077f94bf181b4"
  solver-name = "gps-cdcl"
  solver-version = 1
